
Microsoft Visual Studio Solution File, Format Version 12.00
# Visual Studio Version 16
VisualStudioVersion = 16.0.31019.35
MinimumVisualStudioVersion = 10.0.40219.1
Project("{9A19103F-16F7-4668-BE54-9A1E7A4F7556}") = "HangfireWithMongoDb", "WebApi\HangfireWithMongoDb.csproj", "{8BCFE900-BEE5-4CAC-912B-78FB6336A7EC}"
EndProject
Project("{9A19103F-16F7-4668-BE54-9A1E7A4F7556}") = "MongoDbClient", "MongoDbClient\MongoDbClient.csproj", "{586522F5-C6CB-4945-9321-EFDA706297EF}"
EndProject
Global
	GlobalSection(SolutionConfigurationPlatforms) = preSolution
		Debug|Any CPU = Debug|Any CPU
		Release|Any CPU = Release|Any CPU
	EndGlobalSection
	GlobalSection(ProjectConfigurationPlatforms) = postSolution
		{8BCFE900-BEE5-4CAC-912B-78FB6336A7EC}.Debug|Any CPU.ActiveCfg = Debug|Any CPU
		{8BCFE900-BEE5-4CAC-912B-78FB6336A7EC}.Debug|Any CPU.Build.0 = Debug|Any CPU
		{8BCFE900-BEE5-4CAC-912B-78FB6336A7EC}.Release|Any CPU.ActiveCfg = Release|Any CPU
		{8BCFE900-BEE5-4CAC-912B-78FB6336A7EC}.Release|Any CPU.Build.0 = Release|Any CPU
		{586522F5-C6CB-4945-9321-EFDA706297EF}.Debug|Any CPU.ActiveCfg = Debug|Any CPU
		{586522F5-C6CB-4945-9321-EFDA706297EF}.Debug|Any CPU.Build.0 = Debug|Any CPU
		{586522F5-C6CB-4945-9321-EFDA706297EF}.Release|Any CPU.ActiveCfg = Release|Any CPU
		{586522F5-C6CB-4945-9321-EFDA706297EF}.Release|Any CPU.Build.0 = Release|Any CPU
	EndGlobalSection
	GlobalSection(SolutionProperties) = preSolution
		HideSolutionNode = FALSE
	EndGlobalSection
	GlobalSection(ExtensibilityGlobals) = postSolution
		SolutionGuid = {C02BEA18-F745-4AEB-AA17-49D86EDC5856}
	EndGlobalSection
EndGlobal
